
Microsoft Visual Studio Solution File, Format Version 12.00
# Visual Studio 15
VisualStudioVersion = 15.0.27703.2047
MinimumVisualStudioVersion = 10.0.40219.1
Project("{888888A0-9F3D-457C-B088-3A5042F75D52}") = "C-S-GamePy", "C-S-GamePy\C-S-GamePy.pyproj", "{B5C9213A-8C40-4638-8F61-4F99E892F27B}"
EndProject
Global
	GlobalSection(SolutionConfigurationPlatforms) = preSolution
		Debug|Any CPU = Debug|Any CPU
		Release|Any CPU = Release|Any CPU
	EndGlobalSection
	GlobalSection(ProjectConfigurationPlatforms) = postSolution
		{B5C9213A-8C40-4638-8F61-4F99E892F27B}.Debug|Any CPU.ActiveCfg = Debug|Any CPU
		{B5C9213A-8C40-4638-8F61-4F99E892F27B}.Release|Any CPU.ActiveCfg = Release|Any CPU
	EndGlobalSection
	GlobalSection(SolutionProperties) = preSolution
		HideSolutionNode = FALSE
	EndGlobalSection
	GlobalSection(ExtensibilityGlobals) = postSolution
		SolutionGuid = {31030CA9-8067-4462-BEFA-37D1733F0A2E}
	EndGlobalSection
EndGlobal
